{
  "meteor": {},
  "dependencies": {
    "basePackages": {
      "iron-router": {},
      "npm": {},
      "winston": {},
      "flash-messages": {},
      "user-status": {
        "git": "https://github.com/mizzao/meteor-user-status",
        "branch": "master"
      }
    },
    "packages": {
      "iron-router": {
        "git": "https://github.com/EventedMind/iron-router.git",
        "tag": "v0.7.0",
        "commit": "05f34bc48c4cad9fdaa366c1ddcabe6980232ece"
      },
      "winston": {
        "git": "https://github.com/tomrogers3/meteor-winston.git",
        "tag": "v0.0.3",
        "commit": "60dc02303ca003ef05254f94fbb9bfd40915d5d3"
      },
      "flash-messages": {
        "git": "https://github.com/camilosw/flash-messages.git",
        "tag": "v0.2.3",
        "commit": "fdebd773753682e168af47a1d2ffc1da47e1ce49"
      },
      "user-status": {
        "git": "https://github.com/mizzao/meteor-user-status",
        "branch": "master",
        "commit": "c486edee4abaa09fc7dcef0113f29d8613cdf01d"
      },
      "blaze-layout": {
        "git": "https://github.com/EventedMind/blaze-layout.git",
        "tag": "v0.2.2",
        "commit": "8bc53798fe5965669ae67c72f91829fcfdceabfd"
      },
      "timesync": {
        "git": "https://github.com/mizzao/meteor-timesync.git",
        "tag": "v0.1.5",
        "commit": "3ee7eb21f60650de2ca32661b7c964e464e578e3"
      }
    }
  }
}
