{
  "meteor": {},
  "dependencies": {
    "basePackages": {
      "router": {},
      "iron-router": {},
      "npm": {},
      "winston": {},
      "flash-messages": {},
      "user-status": {
        "git": "https://github.com/mizzao/meteor-user-status",
        "branch": "master"
      }
    },
    "packages": {
      "router": {
        "git": "https://github.com/tmeasday/meteor-router.git",
        "tag": "v0.5.4.1",
        "commit": "d00e380dda2184b70e909fc4a0fb5358d602c586"
      },
      "iron-router": {
        "git": "https://github.com/EventedMind/iron-router.git",
        "tag": "v0.6.4",
        "commit": "927bbaed1b87894fb6fb70807f74ff3a5bd89f29"
      },
      "npm": {
        "git": "https://github.com/arunoda/meteor-npm.git",
        "tag": "v0.2.6",
        "commit": "177ab6118de5bf8cffb19481343d5762ff7a2aaf"
      },
      "winston": {
        "git": "https://github.com/tomrogers3/meteor-winston.git",
        "tag": "v0.0.3",
        "commit": "60dc02303ca003ef05254f94fbb9bfd40915d5d3"
      },
      "flash-messages": {
        "git": "https://github.com/camilosw/flash-messages.git",
        "tag": "v0.2.3",
        "commit": "fdebd773753682e168af47a1d2ffc1da47e1ce49"
      },
      "user-status": {
        "git": "https://github.com/mizzao/meteor-user-status",
        "branch": "master",
        "commit": "a5312c58281d852f7932967872d0fbfff981fa76"
      },
      "page-js-ie-support": {
        "git": "https://github.com/tmeasday/meteor-page-js-ie-support.git",
        "tag": "v1.3.5",
        "commit": "b99ed8380aefd10b2afc8f18d9eed4dd0d8ea9cb"
      },
      "HTML5-History-API": {
        "git": "https://github.com/tmeasday/meteor-HTML5-History-API.git",
        "tag": "v4.0.0",
        "commit": "dc4965f1424cfca625ec3fbea17eace03f8e32c5"
      },
      "timesync": {
        "git": "https://github.com/mizzao/meteor-timesync.git",
        "tag": "v0.1.0",
        "commit": "a634e09be321de30d427112323dfbd8030f3c8af"
      }
    }
  }
}
